// !$*UTF8*$!
{
	archiveVersion = 1;
	classes = {
	};
	objectVersion = 56;
	objects = {

/* Begin PBXBuildFile section */
		CC316C562D562D160034F3C8 /* AppDelegate.swift in Sources */ = {isa = PBXBuildFile; fileRef = CC316C552D562D160034F3C8 /* AppDelegate.swift */; };
		CC316C582D562D160034F3C8 /* SceneDelegate.swift in Sources */ = {isa = PBXBuildFile; fileRef = CC316C572D562D160034F3C8 /* SceneDelegate.swift */; };
		CC316C5A2D562D160034F3C8 /* ViewController.swift in Sources */ = {isa = PBXBuildFile; fileRef = CC316C592D562D160034F3C8 /* ViewController.swift */; };
		CC316C5F2D562D190034F3C8 /* Assets.xcassets in Resources */ = {isa = PBXBuildFile; fileRef = CC316C5E2D562D190034F3C8 /* Assets.xcassets */; };
		CC316C622D562D190034F3C8 /* LaunchScreen.storyboard in Resources */ = {isa = PBXBuildFile; fileRef = CC316C602D562D190034F3C8 /* LaunchScreen.storyboard */; };
		CC316C6D2D562D190034F3C8 /* ToDoListTests.swift in Sources */ = {isa = PBXBuildFile; fileRef = CC316C6C2D562D190034F3C8 /* ToDoListTests.swift */; };
		CC316C772D562D190034F3C8 /* ToDoListUITests.swift in Sources */ = {isa = PBXBuildFile; fileRef = CC316C762D562D190034F3C8 /* ToDoListUITests.swift */; };
		CC316C792D562D190034F3C8 /* ToDoListUITestsLaunchTests.swift in Sources */ = {isa = PBXBuildFile; fileRef = CC316C782D562D190034F3C8 /* ToDoListUITestsLaunchTests.swift */; };
		CC316CB12D57C0B30034F3C8 /* TaskListModuleInput.swift in Sources */ = {isa = PBXBuildFile; fileRef = CC316CA62D57C0B30034F3C8 /* TaskListModuleInput.swift */; };
		CC316CB22D57C0B30034F3C8 /* TaskListViewController.swift in Sources */ = {isa = PBXBuildFile; fileRef = CC316CA72D57C0B30034F3C8 /* TaskListViewController.swift */; };
		CC316CB32D57C0B30034F3C8 /* TaskListInteractorOutput.swift in Sources */ = {isa = PBXBuildFile; fileRef = CC316CA82D57C0B30034F3C8 /* TaskListInteractorOutput.swift */; };
		CC316CB42D57C0B30034F3C8 /* TaskListModuleConfigurator.swift in Sources */ = {isa = PBXBuildFile; fileRef = CC316CA92D57C0B30034F3C8 /* TaskListModuleConfigurator.swift */; };
		CC316CB52D57C0B30034F3C8 /* TaskListRouterInput.swift in Sources */ = {isa = PBXBuildFile; fileRef = CC316CAA2D57C0B30034F3C8 /* TaskListRouterInput.swift */; };
		CC316CB62D57C0B30034F3C8 /* TaskListViewOutput.swift in Sources */ = {isa = PBXBuildFile; fileRef = CC316CAB2D57C0B30034F3C8 /* TaskListViewOutput.swift */; };
		CC316CB72D57C0B30034F3C8 /* TaskListPresenter.swift in Sources */ = {isa = PBXBuildFile; fileRef = CC316CAC2D57C0B30034F3C8 /* TaskListPresenter.swift */; };
		CC316CB82D57C0B30034F3C8 /* TaskListViewInput.swift in Sources */ = {isa = PBXBuildFile; fileRef = CC316CAD2D57C0B30034F3C8 /* TaskListViewInput.swift */; };
		CC316CB92D57C0B30034F3C8 /* TaskListInteractorInput.swift in Sources */ = {isa = PBXBuildFile; fileRef = CC316CAE2D57C0B30034F3C8 /* TaskListInteractorInput.swift */; };
		CC316CBA2D57C0B30034F3C8 /* TaskListRouter.swift in Sources */ = {isa = PBXBuildFile; fileRef = CC316CAF2D57C0B30034F3C8 /* TaskListRouter.swift */; };
		CC316CBB2D57C0B30034F3C8 /* TaskListInteractor.swift in Sources */ = {isa = PBXBuildFile; fileRef = CC316CB02D57C0B30034F3C8 /* TaskListInteractor.swift */; };
		CC316CBE2D57C17A0034F3C8 /* TaskListTableViewDelegate.swift in Sources */ = {isa = PBXBuildFile; fileRef = CC316CBD2D57C17A0034F3C8 /* TaskListTableViewDelegate.swift */; };
		CC316CC02D57E81E0034F3C8 /* TaskListConstants.swift in Sources */ = {isa = PBXBuildFile; fileRef = CC316CBF2D57E81E0034F3C8 /* TaskListConstants.swift */; };
		CC316CC22D57EA2C0034F3C8 /* TaskListHeaderView.swift in Sources */ = {isa = PBXBuildFile; fileRef = CC316CC12D57EA2C0034F3C8 /* TaskListHeaderView.swift */; };
		CC53E9302D5A80FD0080D4BD /* TaskListTableViewCell.swift in Sources */ = {isa = PBXBuildFile; fileRef = CC53E92F2D5A80FD0080D4BD /* TaskListTableViewCell.swift */; };
		CC53E9332D5A886B0080D4BD /* Task.swift in Sources */ = {isa = PBXBuildFile; fileRef = CC53E9322D5A886B0080D4BD /* Task.swift */; };
		CC77971A2D5D206B00299F54 /* TodoListService.swift in Sources */ = {isa = PBXBuildFile; fileRef = CC7797192D5D206B00299F54 /* TodoListService.swift */; };
		CC77971D2D5D23FC00299F54 /* Model.xcdatamodeld in Sources */ = {isa = PBXBuildFile; fileRef = CC77971B2D5D23FC00299F54 /* Model.xcdatamodeld */; };
		CC77971F2D5D2B6600299F54 /* TaskAPIResponse.swift in Sources */ = {isa = PBXBuildFile; fileRef = CC77971E2D5D2B6600299F54 /* TaskAPIResponse.swift */; };
		CC7797212D5D2CB800299F54 /* ServiceResponse.swift in Sources */ = {isa = PBXBuildFile; fileRef = CC7797202D5D2CB800299F54 /* ServiceResponse.swift */; };
		CC7797232D5D2E1300299F54 /* TodoListServiceInput.swift in Sources */ = {isa = PBXBuildFile; fileRef = CC7797222D5D2E1300299F54 /* TodoListServiceInput.swift */; };
/* End PBXBuildFile section */

/* Begin PBXContainerItemProxy section */
		CC316C692D562D190034F3C8 /* PBXContainerItemProxy */ = {
			isa = PBXContainerItemProxy;
			containerPortal = CC316C4A2D562D160034F3C8 /* Project object */;
			proxyType = 1;
			remoteGlobalIDString = CC316C512D562D160034F3C8;
			remoteInfo = ToDoList;
		};
		CC316C732D562D190034F3C8 /* PBXContainerItemProxy */ = {
			isa = PBXContainerItemProxy;
			containerPortal = CC316C4A2D562D160034F3C8 /* Project object */;
			proxyType = 1;
			remoteGlobalIDString = CC316C512D562D160034F3C8;
			remoteInfo = ToDoList;
		};
/* End PBXContainerItemProxy section */

/* Begin PBXFileReference section */
		CC316C522D562D160034F3C8 /* ToDoList.app */ = {isa = PBXFileReference; explicitFileType = wrapper.application; includeInIndex = 0; path = ToDoList.app; sourceTree = BUILT_PRODUCTS_DIR; };
		CC316C552D562D160034F3C8 /* AppDelegate.swift */ = {isa = PBXFileReference; lastKnownFileType = sourcecode.swift; path = AppDelegate.swift; sourceTree = "<group>"; };
		CC316C572D562D160034F3C8 /* SceneDelegate.swift */ = {isa = PBXFileReference; lastKnownFileType = sourcecode.swift; path = SceneDelegate.swift; sourceTree = "<group>"; };
		CC316C592D562D160034F3C8 /* ViewController.swift */ = {isa = PBXFileReference; lastKnownFileType = sourcecode.swift; path = ViewController.swift; sourceTree = "<group>"; };
		CC316C5E2D562D190034F3C8 /* Assets.xcassets */ = {isa = PBXFileReference; lastKnownFileType = folder.assetcatalog; path = Assets.xcassets; sourceTree = "<group>"; };
		CC316C612D562D190034F3C8 /* Base */ = {isa = PBXFileReference; lastKnownFileType = file.storyboard; name = Base; path = Base.lproj/LaunchScreen.storyboard; sourceTree = "<group>"; };
		CC316C632D562D190034F3C8 /* Info.plist */ = {isa = PBXFileReference; lastKnownFileType = text.plist.xml; path = Info.plist; sourceTree = "<group>"; };
		CC316C682D562D190034F3C8 /* ToDoListTests.xctest */ = {isa = PBXFileReference; explicitFileType = wrapper.cfbundle; includeInIndex = 0; path = ToDoListTests.xctest; sourceTree = BUILT_PRODUCTS_DIR; };
		CC316C6C2D562D190034F3C8 /* ToDoListTests.swift */ = {isa = PBXFileReference; lastKnownFileType = sourcecode.swift; path = ToDoListTests.swift; sourceTree = "<group>"; };
		CC316C722D562D190034F3C8 /* ToDoListUITests.xctest */ = {isa = PBXFileReference; explicitFileType = wrapper.cfbundle; includeInIndex = 0; path = ToDoListUITests.xctest; sourceTree = BUILT_PRODUCTS_DIR; };
		CC316C762D562D190034F3C8 /* ToDoListUITests.swift */ = {isa = PBXFileReference; lastKnownFileType = sourcecode.swift; path = ToDoListUITests.swift; sourceTree = "<group>"; };
		CC316C782D562D190034F3C8 /* ToDoListUITestsLaunchTests.swift */ = {isa = PBXFileReference; lastKnownFileType = sourcecode.swift; path = ToDoListUITestsLaunchTests.swift; sourceTree = "<group>"; };
		CC316CA62D57C0B30034F3C8 /* TaskListModuleInput.swift */ = {isa = PBXFileReference; fileEncoding = 4; lastKnownFileType = sourcecode.swift; path = TaskListModuleInput.swift; sourceTree = "<group>"; };
		CC316CA72D57C0B30034F3C8 /* TaskListViewController.swift */ = {isa = PBXFileReference; fileEncoding = 4; lastKnownFileType = sourcecode.swift; path = TaskListViewController.swift; sourceTree = "<group>"; };
		CC316CA82D57C0B30034F3C8 /* TaskListInteractorOutput.swift */ = {isa = PBXFileReference; fileEncoding = 4; lastKnownFileType = sourcecode.swift; path = TaskListInteractorOutput.swift; sourceTree = "<group>"; };
		CC316CA92D57C0B30034F3C8 /* TaskListModuleConfigurator.swift */ = {isa = PBXFileReference; fileEncoding = 4; lastKnownFileType = sourcecode.swift; path = TaskListModuleConfigurator.swift; sourceTree = "<group>"; };
		CC316CAA2D57C0B30034F3C8 /* TaskListRouterInput.swift */ = {isa = PBXFileReference; fileEncoding = 4; lastKnownFileType = sourcecode.swift; path = TaskListRouterInput.swift; sourceTree = "<group>"; };
		CC316CAB2D57C0B30034F3C8 /* TaskListViewOutput.swift */ = {isa = PBXFileReference; fileEncoding = 4; lastKnownFileType = sourcecode.swift; path = TaskListViewOutput.swift; sourceTree = "<group>"; };
		CC316CAC2D57C0B30034F3C8 /* TaskListPresenter.swift */ = {isa = PBXFileReference; fileEncoding = 4; lastKnownFileType = sourcecode.swift; path = TaskListPresenter.swift; sourceTree = "<group>"; };
		CC316CAD2D57C0B30034F3C8 /* TaskListViewInput.swift */ = {isa = PBXFileReference; fileEncoding = 4; lastKnownFileType = sourcecode.swift; path = TaskListViewInput.swift; sourceTree = "<group>"; };
		CC316CAE2D57C0B30034F3C8 /* TaskListInteractorInput.swift */ = {isa = PBXFileReference; fileEncoding = 4; lastKnownFileType = sourcecode.swift; path = TaskListInteractorInput.swift; sourceTree = "<group>"; };
		CC316CAF2D57C0B30034F3C8 /* TaskListRouter.swift */ = {isa = PBXFileReference; fileEncoding = 4; lastKnownFileType = sourcecode.swift; path = TaskListRouter.swift; sourceTree = "<group>"; };
		CC316CB02D57C0B30034F3C8 /* TaskListInteractor.swift */ = {isa = PBXFileReference; fileEncoding = 4; lastKnownFileType = sourcecode.swift; path = TaskListInteractor.swift; sourceTree = "<group>"; };
		CC316CBD2D57C17A0034F3C8 /* TaskListTableViewDelegate.swift */ = {isa = PBXFileReference; lastKnownFileType = sourcecode.swift; path = TaskListTableViewDelegate.swift; sourceTree = "<group>"; };
		CC316CBF2D57E81E0034F3C8 /* TaskListConstants.swift */ = {isa = PBXFileReference; lastKnownFileType = sourcecode.swift; path = TaskListConstants.swift; sourceTree = "<group>"; };
		CC316CC12D57EA2C0034F3C8 /* TaskListHeaderView.swift */ = {isa = PBXFileReference; lastKnownFileType = sourcecode.swift; path = TaskListHeaderView.swift; sourceTree = "<group>"; };
		CC53E92F2D5A80FD0080D4BD /* TaskListTableViewCell.swift */ = {isa = PBXFileReference; lastKnownFileType = sourcecode.swift; path = TaskListTableViewCell.swift; sourceTree = "<group>"; };
		CC53E9322D5A886B0080D4BD /* Task.swift */ = {isa = PBXFileReference; lastKnownFileType = sourcecode.swift; path = Task.swift; sourceTree = "<group>"; };
		CC7797192D5D206B00299F54 /* TodoListService.swift */ = {isa = PBXFileReference; lastKnownFileType = sourcecode.swift; path = TodoListService.swift; sourceTree = "<group>"; };
		CC77971C2D5D23FC00299F54 /* TaskEntity.xcdatamodel */ = {isa = PBXFileReference; lastKnownFileType = wrapper.xcdatamodel; path = TaskEntity.xcdatamodel; sourceTree = "<group>"; };
		CC77971E2D5D2B6600299F54 /* TaskAPIResponse.swift */ = {isa = PBXFileReference; lastKnownFileType = sourcecode.swift; path = TaskAPIResponse.swift; sourceTree = "<group>"; };
		CC7797202D5D2CB800299F54 /* ServiceResponse.swift */ = {isa = PBXFileReference; lastKnownFileType = sourcecode.swift; path = ServiceResponse.swift; sourceTree = "<group>"; };
		CC7797222D5D2E1300299F54 /* TodoListServiceInput.swift */ = {isa = PBXFileReference; lastKnownFileType = sourcecode.swift; path = TodoListServiceInput.swift; sourceTree = "<group>"; };
/* End PBXFileReference section */

/* Begin PBXFrameworksBuildPhase section */
		CC316C4F2D562D160034F3C8 /* Frameworks */ = {
			isa = PBXFrameworksBuildPhase;
			buildActionMask = 2147483647;
			files = (
			);
			runOnlyForDeploymentPostprocessing = 0;
		};
		CC316C652D562D190034F3C8 /* Frameworks */ = {
			isa = PBXFrameworksBuildPhase;
			buildActionMask = 2147483647;
			files = (
			);
			runOnlyForDeploymentPostprocessing = 0;
		};
		CC316C6F2D562D190034F3C8 /* Frameworks */ = {
			isa = PBXFrameworksBuildPhase;
			buildActionMask = 2147483647;
			files = (
			);
			runOnlyForDeploymentPostprocessing = 0;
		};
/* End PBXFrameworksBuildPhase section */

/* Begin PBXGroup section */
		CC316C492D562D160034F3C8 = {
			isa = PBXGroup;
			children = (
				CC316C542D562D160034F3C8 /* ToDoList */,
				CC316C6B2D562D190034F3C8 /* ToDoListTests */,
				CC316C752D562D190034F3C8 /* ToDoListUITests */,
				CC316C532D562D160034F3C8 /* Products */,
			);
			sourceTree = "<group>";
		};
		CC316C532D562D160034F3C8 /* Products */ = {
			isa = PBXGroup;
			children = (
				CC316C522D562D160034F3C8 /* ToDoList.app */,
				CC316C682D562D190034F3C8 /* ToDoListTests.xctest */,
				CC316C722D562D190034F3C8 /* ToDoListUITests.xctest */,
			);
			name = Products;
			sourceTree = "<group>";
		};
		CC316C542D562D160034F3C8 /* ToDoList */ = {
			isa = PBXGroup;
			children = (
				CC7797182D5D204C00299F54 /* Services */,
				CC316C852D57AEE60034F3C8 /* UserStories */,
				CC316C552D562D160034F3C8 /* AppDelegate.swift */,
				CC316C572D562D160034F3C8 /* SceneDelegate.swift */,
				CC316C592D562D160034F3C8 /* ViewController.swift */,
				CC316C5E2D562D190034F3C8 /* Assets.xcassets */,
				CC316C602D562D190034F3C8 /* LaunchScreen.storyboard */,
				CC316C632D562D190034F3C8 /* Info.plist */,
			);
			path = ToDoList;
			sourceTree = "<group>";
		};
		CC316C6B2D562D190034F3C8 /* ToDoListTests */ = {
			isa = PBXGroup;
			children = (
				CC316C6C2D562D190034F3C8 /* ToDoListTests.swift */,
			);
			path = ToDoListTests;
			sourceTree = "<group>";
		};
		CC316C752D562D190034F3C8 /* ToDoListUITests */ = {
			isa = PBXGroup;
			children = (
				CC316C762D562D190034F3C8 /* ToDoListUITests.swift */,
				CC316C782D562D190034F3C8 /* ToDoListUITestsLaunchTests.swift */,
			);
			path = ToDoListUITests;
			sourceTree = "<group>";
		};
		CC316C852D57AEE60034F3C8 /* UserStories */ = {
			isa = PBXGroup;
			children = (
				CC53E92E2D5A80E20080D4BD /* Constants */,
				CC316CA52D57C0560034F3C8 /* TaskList */,
			);
			path = UserStories;
			sourceTree = "<group>";
		};
		CC316CA52D57C0560034F3C8 /* TaskList */ = {
			isa = PBXGroup;
			children = (
				CC316CA92D57C0B30034F3C8 /* TaskListModuleConfigurator.swift */,
				CC53E9312D5A88520080D4BD /* Entities */,
				CC316CBC2D57C1310034F3C8 /* View */,
				CC7797162D5D19F700299F54 /* Presenter */,
				CC7797172D5D1A7900299F54 /* Interactor */,
				CC316CAF2D57C0B30034F3C8 /* TaskListRouter.swift */,
				CC316CAA2D57C0B30034F3C8 /* TaskListRouterInput.swift */,
				CC316CAB2D57C0B30034F3C8 /* TaskListViewOutput.swift */,
			);
			path = TaskList;
			sourceTree = "<group>";
		};
		CC316CBC2D57C1310034F3C8 /* View */ = {
			isa = PBXGroup;
			children = (
				CC316CA72D57C0B30034F3C8 /* TaskListViewController.swift */,
				CC316CAD2D57C0B30034F3C8 /* TaskListViewInput.swift */,
				CC316CBD2D57C17A0034F3C8 /* TaskListTableViewDelegate.swift */,
				CC316CC12D57EA2C0034F3C8 /* TaskListHeaderView.swift */,
				CC53E92F2D5A80FD0080D4BD /* TaskListTableViewCell.swift */,
			);
			path = View;
			sourceTree = "<group>";
		};
		CC53E92E2D5A80E20080D4BD /* Constants */ = {
			isa = PBXGroup;
			children = (
				CC316CBF2D57E81E0034F3C8 /* TaskListConstants.swift */,
			);
			path = Constants;
			sourceTree = "<group>";
		};
		CC53E9312D5A88520080D4BD /* Entities */ = {
			isa = PBXGroup;
			children = (
				CC53E9322D5A886B0080D4BD /* Task.swift */,
			);
			path = Entities;
			sourceTree = "<group>";
		};
		CC7797162D5D19F700299F54 /* Presenter */ = {
			isa = PBXGroup;
			children = (
				CC316CA62D57C0B30034F3C8 /* TaskListModuleInput.swift */,
				CC316CAC2D57C0B30034F3C8 /* TaskListPresenter.swift */,
			);
			path = Presenter;
			sourceTree = "<group>";
		};
		CC7797172D5D1A7900299F54 /* Interactor */ = {
			isa = PBXGroup;
			children = (
				CC316CB02D57C0B30034F3C8 /* TaskListInteractor.swift */,
				CC316CAE2D57C0B30034F3C8 /* TaskListInteractorInput.swift */,
				CC316CA82D57C0B30034F3C8 /* TaskListInteractorOutput.swift */,
				CC77971B2D5D23FC00299F54 /* Model.xcdatamodeld */,
			);
			path = Interactor;
			sourceTree = "<group>";
		};
		CC7797182D5D204C00299F54 /* Services */ = {
			isa = PBXGroup;
			children = (
				CC7797192D5D206B00299F54 /* TodoListService.swift */,
				CC77971E2D5D2B6600299F54 /* TaskAPIResponse.swift */,
				CC7797202D5D2CB800299F54 /* ServiceResponse.swift */,
				CC7797222D5D2E1300299F54 /* TodoListServiceInput.swift */,
			);
			path = Services;
			sourceTree = "<group>";
		};
/* End PBXGroup section */

/* Begin PBXNativeTarget section */
		CC316C512D562D160034F3C8 /* ToDoList */ = {
			isa = PBXNativeTarget;
			buildConfigurationList = CC316C7C2D562D190034F3C8 /* Build configuration list for PBXNativeTarget "ToDoList" */;
			buildPhases = (
				CC316C4E2D562D160034F3C8 /* Sources */,
				CC316C4F2D562D160034F3C8 /* Frameworks */,
				CC316C502D562D160034F3C8 /* Resources */,
			);
			buildRules = (
			);
			dependencies = (
			);
			name = ToDoList;
			productName = ToDoList;
			productReference = CC316C522D562D160034F3C8 /* ToDoList.app */;
			productType = "com.apple.product-type.application";
		};
		CC316C672D562D190034F3C8 /* ToDoListTests */ = {
			isa = PBXNativeTarget;
			buildConfigurationList = CC316C7F2D562D190034F3C8 /* Build configuration list for PBXNativeTarget "ToDoListTests" */;
			buildPhases = (
				CC316C642D562D190034F3C8 /* Sources */,
				CC316C652D562D190034F3C8 /* Frameworks */,
				CC316C662D562D190034F3C8 /* Resources */,
			);
			buildRules = (
			);
			dependencies = (
				CC316C6A2D562D190034F3C8 /* PBXTargetDependency */,
			);
			name = ToDoListTests;
			productName = ToDoListTests;
			productReference = CC316C682D562D190034F3C8 /* ToDoListTests.xctest */;
			productType = "com.apple.product-type.bundle.unit-test";
		};
		CC316C712D562D190034F3C8 /* ToDoListUITests */ = {
			isa = PBXNativeTarget;
			buildConfigurationList = CC316C822D562D190034F3C8 /* Build configuration list for PBXNativeTarget "ToDoListUITests" */;
			buildPhases = (
				CC316C6E2D562D190034F3C8 /* Sources */,
				CC316C6F2D562D190034F3C8 /* Frameworks */,
				CC316C702D562D190034F3C8 /* Resources */,
			);
			buildRules = (
			);
			dependencies = (
				CC316C742D562D190034F3C8 /* PBXTargetDependency */,
			);
			name = ToDoListUITests;
			productName = ToDoListUITests;
			productReference = CC316C722D562D190034F3C8 /* ToDoListUITests.xctest */;
			productType = "com.apple.product-type.bundle.ui-testing";
		};
/* End PBXNativeTarget section */

/* Begin PBXProject section */
		CC316C4A2D562D160034F3C8 /* Project object */ = {
			isa = PBXProject;
			attributes = {
				BuildIndependentTargetsInParallel = 1;
				LastSwiftUpdateCheck = 1400;
				LastUpgradeCheck = 1400;
				TargetAttributes = {
					CC316C512D562D160034F3C8 = {
						CreatedOnToolsVersion = 14.0.1;
					};
					CC316C672D562D190034F3C8 = {
						CreatedOnToolsVersion = 14.0.1;
						TestTargetID = CC316C512D562D160034F3C8;
					};
					CC316C712D562D190034F3C8 = {
						CreatedOnToolsVersion = 14.0.1;
						TestTargetID = CC316C512D562D160034F3C8;
					};
				};
			};
			buildConfigurationList = CC316C4D2D562D160034F3C8 /* Build configuration list for PBXProject "ToDoList" */;
			compatibilityVersion = "Xcode 14.0";
			developmentRegion = en;
			hasScannedForEncodings = 0;
			knownRegions = (
				en,
				Base,
			);
			mainGroup = CC316C492D562D160034F3C8;
			productRefGroup = CC316C532D562D160034F3C8 /* Products */;
			projectDirPath = "";
			projectRoot = "";
			targets = (
				CC316C512D562D160034F3C8 /* ToDoList */,
				CC316C672D562D190034F3C8 /* ToDoListTests */,
				CC316C712D562D190034F3C8 /* ToDoListUITests */,
			);
		};
/* End PBXProject section */

/* Begin PBXResourcesBuildPhase section */
		CC316C502D562D160034F3C8 /* Resources */ = {
			isa = PBXResourcesBuildPhase;
			buildActionMask = 2147483647;
			files = (
				CC316C622D562D190034F3C8 /* LaunchScreen.storyboard in Resources */,
				CC316C5F2D562D190034F3C8 /* Assets.xcassets in Resources */,
			);
			runOnlyForDeploymentPostprocessing = 0;
		};
		CC316C662D562D190034F3C8 /* Resources */ = {
			isa = PBXResourcesBuildPhase;
			buildActionMask = 2147483647;
			files = (
			);
			runOnlyForDeploymentPostprocessing = 0;
		};
		CC316C702D562D190034F3C8 /* Resources */ = {
			isa = PBXResourcesBuildPhase;
			buildActionMask = 2147483647;
			files = (
			);
			runOnlyForDeploymentPostprocessing = 0;
		};
/* End PBXResourcesBuildPhase section */

/* Begin PBXSourcesBuildPhase section */
		CC316C4E2D562D160034F3C8 /* Sources */ = {
			isa = PBXSourcesBuildPhase;
			buildActionMask = 2147483647;
			files = (
				CC316CB32D57C0B30034F3C8 /* TaskListInteractorOutput.swift in Sources */,
				CC316CB82D57C0B30034F3C8 /* TaskListViewInput.swift in Sources */,
				CC53E9302D5A80FD0080D4BD /* TaskListTableViewCell.swift in Sources */,
				CC316CB72D57C0B30034F3C8 /* TaskListPresenter.swift in Sources */,
				CC316CB62D57C0B30034F3C8 /* TaskListViewOutput.swift in Sources */,
				CC316CC22D57EA2C0034F3C8 /* TaskListHeaderView.swift in Sources */,
				CC316C5A2D562D160034F3C8 /* ViewController.swift in Sources */,
				CC53E9332D5A886B0080D4BD /* Task.swift in Sources */,
				CC7797212D5D2CB800299F54 /* ServiceResponse.swift in Sources */,
				CC77971A2D5D206B00299F54 /* TodoListService.swift in Sources */,
				CC316CBA2D57C0B30034F3C8 /* TaskListRouter.swift in Sources */,
				CC77971F2D5D2B6600299F54 /* TaskAPIResponse.swift in Sources */,
				CC316CB12D57C0B30034F3C8 /* TaskListModuleInput.swift in Sources */,
				CC316CB92D57C0B30034F3C8 /* TaskListInteractorInput.swift in Sources */,
				CC316C562D562D160034F3C8 /* AppDelegate.swift in Sources */,
				CC316CBE2D57C17A0034F3C8 /* TaskListTableViewDelegate.swift in Sources */,
				CC7797232D5D2E1300299F54 /* TodoListServiceInput.swift in Sources */,
				CC316CB52D57C0B30034F3C8 /* TaskListRouterInput.swift in Sources */,
				CC316C582D562D160034F3C8 /* SceneDelegate.swift in Sources */,
				CC316CB42D57C0B30034F3C8 /* TaskListModuleConfigurator.swift in Sources */,
				CC316CB22D57C0B30034F3C8 /* TaskListViewController.swift in Sources */,
				CC316CC02D57E81E0034F3C8 /* TaskListConstants.swift in Sources */,
				CC77971D2D5D23FC00299F54 /* Model.xcdatamodeld in Sources */,
				CC316CBB2D57C0B30034F3C8 /* TaskListInteractor.swift in Sources */,
			);
			runOnlyForDeploymentPostprocessing = 0;
		};
		CC316C642D562D190034F3C8 /* Sources */ = {
			isa = PBXSourcesBuildPhase;
			buildActionMask = 2147483647;
			files = (
				CC316C6D2D562D190034F3C8 /* ToDoListTests.swift in Sources */,
			);
			runOnlyForDeploymentPostprocessing = 0;
		};
		CC316C6E2D562D190034F3C8 /* Sources */ = {
			isa = PBXSourcesBuildPhase;
			buildActionMask = 2147483647;
			files = (
				CC316C792D562D190034F3C8 /* ToDoListUITestsLaunchTests.swift in Sources */,
				CC316C772D562D190034F3C8 /* ToDoListUITests.swift in Sources */,
			);
			runOnlyForDeploymentPostprocessing = 0;
		};
/* End PBXSourcesBuildPhase section */

/* Begin PBXTargetDependency section */
		CC316C6A2D562D190034F3C8 /* PBXTargetDependency */ = {
			isa = PBXTargetDependency;
			target = CC316C512D562D160034F3C8 /* ToDoList */;
			targetProxy = CC316C692D562D190034F3C8 /* PBXContainerItemProxy */;
		};
		CC316C742D562D190034F3C8 /* PBXTargetDependency */ = {
			isa = PBXTargetDependency;
			target = CC316C512D562D160034F3C8 /* ToDoList */;
			targetProxy = CC316C732D562D190034F3C8 /* PBXContainerItemProxy */;
		};
/* End PBXTargetDependency section */

/* Begin PBXVariantGroup section */
		CC316C602D562D190034F3C8 /* LaunchScreen.storyboard */ = {
			isa = PBXVariantGroup;
			children = (
				CC316C612D562D190034F3C8 /* Base */,
			);
			name = LaunchScreen.storyboard;
			sourceTree = "<group>";
		};
/* End PBXVariantGroup section */

/* Begin XCBuildConfiguration section */
		CC316C7A2D562D190034F3C8 /* Debug */ = {
			isa = XCBuildConfiguration;
			buildSettings = {
				ALWAYS_SEARCH_USER_PATHS = NO;
				CLANG_ANALYZER_NONNULL = YES;
				CLANG_ANALYZER_NUMBER_OBJECT_CONVERSION = YES_AGGRESSIVE;
				CLANG_CXX_LANGUAGE_STANDARD = "gnu++20";
				CLANG_ENABLE_MODULES = YES;
				CLANG_ENABLE_OBJC_ARC = YES;
				CLANG_ENABLE_OBJC_WEAK = YES;
				CLANG_WARN_BLOCK_CAPTURE_AUTORELEASING = YES;
				CLANG_WARN_BOOL_CONVERSION = YES;
				CLANG_WARN_COMMA = YES;
				CLANG_WARN_CONSTANT_CONVERSION = YES;
				CLANG_WARN_DEPRECATED_OBJC_IMPLEMENTATIONS = YES;
				CLANG_WARN_DIRECT_OBJC_ISA_USAGE = YES_ERROR;
				CLANG_WARN_DOCUMENTATION_COMMENTS = YES;
				CLANG_WARN_EMPTY_BODY = YES;
				CLANG_WARN_ENUM_CONVERSION = YES;
				CLANG_WARN_INFINITE_RECURSION = YES;
				CLANG_WARN_INT_CONVERSION = YES;
				CLANG_WARN_NON_LITERAL_NULL_CONVERSION = YES;
				CLANG_WARN_OBJC_IMPLICIT_RETAIN_SELF = YES;
				CLANG_WARN_OBJC_LITERAL_CONVERSION = YES;
				CLANG_WARN_OBJC_ROOT_CLASS = YES_ERROR;
				CLANG_WARN_QUOTED_INCLUDE_IN_FRAMEWORK_HEADER = YES;
				CLANG_WARN_RANGE_LOOP_ANALYSIS = YES;
				CLANG_WARN_STRICT_PROTOTYPES = YES;
				CLANG_WARN_SUSPICIOUS_MOVE = YES;
				CLANG_WARN_UNGUARDED_AVAILABILITY = YES_AGGRESSIVE;
				CLANG_WARN_UNREACHABLE_CODE = YES;
				CLANG_WARN__DUPLICATE_METHOD_MATCH = YES;
				COPY_PHASE_STRIP = NO;
				DEBUG_INFORMATION_FORMAT = dwarf;
				ENABLE_STRICT_OBJC_MSGSEND = YES;
				ENABLE_TESTABILITY = YES;
				GCC_C_LANGUAGE_STANDARD = gnu11;
				GCC_DYNAMIC_NO_PIC = NO;
				GCC_NO_COMMON_BLOCKS = YES;
				GCC_OPTIMIZATION_LEVEL = 0;
				GCC_PREPROCESSOR_DEFINITIONS = (
					"DEBUG=1",
					"$(inherited)",
				);
				GCC_WARN_64_TO_32_BIT_CONVERSION = YES;
				GCC_WARN_ABOUT_RETURN_TYPE = YES_ERROR;
				GCC_WARN_UNDECLARED_SELECTOR = YES;
				GCC_WARN_UNINITIALIZED_AUTOS = YES_AGGRESSIVE;
				GCC_WARN_UNUSED_FUNCTION = YES;
				GCC_WARN_UNUSED_VARIABLE = YES;
				IPHONEOS_DEPLOYMENT_TARGET = 16.0;
				MTL_ENABLE_DEBUG_INFO = INCLUDE_SOURCE;
				MTL_FAST_MATH = YES;
				ONLY_ACTIVE_ARCH = YES;
				SDKROOT = iphoneos;
				SWIFT_ACTIVE_COMPILATION_CONDITIONS = DEBUG;
				SWIFT_OPTIMIZATION_LEVEL = "-Onone";
			};
			name = Debug;
		};
		CC316C7B2D562D190034F3C8 /* Release */ = {
			isa = XCBuildConfiguration;
			buildSettings = {
				ALWAYS_SEARCH_USER_PATHS = NO;
				CLANG_ANALYZER_NONNULL = YES;
				CLANG_ANALYZER_NUMBER_OBJECT_CONVERSION = YES_AGGRESSIVE;
				CLANG_CXX_LANGUAGE_STANDARD = "gnu++20";
				CLANG_ENABLE_MODULES = YES;
				CLANG_ENABLE_OBJC_ARC = YES;
				CLANG_ENABLE_OBJC_WEAK = YES;
				CLANG_WARN_BLOCK_CAPTURE_AUTORELEASING = YES;
				CLANG_WARN_BOOL_CONVERSION = YES;
				CLANG_WARN_COMMA = YES;
				CLANG_WARN_CONSTANT_CONVERSION = YES;
				CLANG_WARN_DEPRECATED_OBJC_IMPLEMENTATIONS = YES;
				CLANG_WARN_DIRECT_OBJC_ISA_USAGE = YES_ERROR;
				CLANG_WARN_DOCUMENTATION_COMMENTS = YES;
				CLANG_WARN_EMPTY_BODY = YES;
				CLANG_WARN_ENUM_CONVERSION = YES;
				CLANG_WARN_INFINITE_RECURSION = YES;
				CLANG_WARN_INT_CONVERSION = YES;
				CLANG_WARN_NON_LITERAL_NULL_CONVERSION = YES;
				CLANG_WARN_OBJC_IMPLICIT_RETAIN_SELF = YES;
				CLANG_WARN_OBJC_LITERAL_CONVERSION = YES;
				CLANG_WARN_OBJC_ROOT_CLASS = YES_ERROR;
				CLANG_WARN_QUOTED_INCLUDE_IN_FRAMEWORK_HEADER = YES;
				CLANG_WARN_RANGE_LOOP_ANALYSIS = YES;
				CLANG_WARN_STRICT_PROTOTYPES = YES;
				CLANG_WARN_SUSPICIOUS_MOVE = YES;
				CLANG_WARN_UNGUARDED_AVAILABILITY = YES_AGGRESSIVE;
				CLANG_WARN_UNREACHABLE_CODE = YES;
				CLANG_WARN__DUPLICATE_METHOD_MATCH = YES;
				COPY_PHASE_STRIP = NO;
				DEBUG_INFORMATION_FORMAT = "dwarf-with-dsym";
				ENABLE_NS_ASSERTIONS = NO;
				ENABLE_STRICT_OBJC_MSGSEND = YES;
				GCC_C_LANGUAGE_STANDARD = gnu11;
				GCC_NO_COMMON_BLOCKS = YES;
				GCC_WARN_64_TO_32_BIT_CONVERSION = YES;
				GCC_WARN_ABOUT_RETURN_TYPE = YES_ERROR;
				GCC_WARN_UNDECLARED_SELECTOR = YES;
				GCC_WARN_UNINITIALIZED_AUTOS = YES_AGGRESSIVE;
				GCC_WARN_UNUSED_FUNCTION = YES;
				GCC_WARN_UNUSED_VARIABLE = YES;
				IPHONEOS_DEPLOYMENT_TARGET = 16.0;
				MTL_ENABLE_DEBUG_INFO = NO;
				MTL_FAST_MATH = YES;
				SDKROOT = iphoneos;
				SWIFT_COMPILATION_MODE = wholemodule;
				SWIFT_OPTIMIZATION_LEVEL = "-O";
				VALIDATE_PRODUCT = YES;
			};
			name = Release;
		};
		CC316C7D2D562D190034F3C8 /* Debug */ = {
			isa = XCBuildConfiguration;
			buildSettings = {
				ASSETCATALOG_COMPILER_APPICON_NAME = AppIcon;
				ASSETCATALOG_COMPILER_GLOBAL_ACCENT_COLOR_NAME = AccentColor;
				CODE_SIGN_STYLE = Automatic;
				CURRENT_PROJECT_VERSION = 1;
				GENERATE_INFOPLIST_FILE = YES;
				INFOPLIST_FILE = ToDoList/Info.plist;
				INFOPLIST_KEY_UIApplicationSupportsIndirectInputEvents = YES;
				INFOPLIST_KEY_UILaunchStoryboardName = LaunchScreen;
				INFOPLIST_KEY_UISupportedInterfaceOrientations_iPad = "UIInterfaceOrientationPortrait UIInterfaceOrientationPortraitUpsideDown UIInterfaceOrientationLandscapeLeft UIInterfaceOrientationLandscapeRight";
				INFOPLIST_KEY_UISupportedInterfaceOrientations_iPhone = "UIInterfaceOrientationPortrait UIInterfaceOrientationLandscapeLeft UIInterfaceOrientationLandscapeRight";
				LD_RUNPATH_SEARCH_PATHS = (
					"$(inherited)",
					"@executable_path/Frameworks",
				);
				MARKETING_VERSION = 1.0;
				PRODUCT_BUNDLE_IDENTIFIER = Savva.ToDoList;
				PRODUCT_NAME = "$(TARGET_NAME)";
				SWIFT_EMIT_LOC_STRINGS = YES;
				SWIFT_VERSION = 5.0;
				TARGETED_DEVICE_FAMILY = "1,2";
			};
			name = Debug;
		};
		CC316C7E2D562D190034F3C8 /* Release */ = {
			isa = XCBuildConfiguration;
			buildSettings = {
				ASSETCATALOG_COMPILER_APPICON_NAME = AppIcon;
				ASSETCATALOG_COMPILER_GLOBAL_ACCENT_COLOR_NAME = AccentColor;
				CODE_SIGN_STYLE = Automatic;
				CURRENT_PROJECT_VERSION = 1;
				GENERATE_INFOPLIST_FILE = YES;
				INFOPLIST_FILE = ToDoList/Info.plist;
				INFOPLIST_KEY_UIApplicationSupportsIndirectInputEvents = YES;
				INFOPLIST_KEY_UILaunchStoryboardName = LaunchScreen;
				INFOPLIST_KEY_UISupportedInterfaceOrientations_iPad = "UIInterfaceOrientationPortrait UIInterfaceOrientationPortraitUpsideDown UIInterfaceOrientationLandscapeLeft UIInterfaceOrientationLandscapeRight";
				INFOPLIST_KEY_UISupportedInterfaceOrientations_iPhone = "UIInterfaceOrientationPortrait UIInterfaceOrientationLandscapeLeft UIInterfaceOrientationLandscapeRight";
				LD_RUNPATH_SEARCH_PATHS = (
					"$(inherited)",
					"@executable_path/Frameworks",
				);
				MARKETING_VERSION = 1.0;
				PRODUCT_BUNDLE_IDENTIFIER = Savva.ToDoList;
				PRODUCT_NAME = "$(TARGET_NAME)";
				SWIFT_EMIT_LOC_STRINGS = YES;
				SWIFT_VERSION = 5.0;
				TARGETED_DEVICE_FAMILY = "1,2";
			};
			name = Release;
		};
		CC316C802D562D190034F3C8 /* Debug */ = {
			isa = XCBuildConfiguration;
			buildSettings = {
				ALWAYS_EMBED_SWIFT_STANDARD_LIBRARIES = YES;
				BUNDLE_LOADER = "$(TEST_HOST)";
				CODE_SIGN_STYLE = Automatic;
				CURRENT_PROJECT_VERSION = 1;
				GENERATE_INFOPLIST_FILE = YES;
				IPHONEOS_DEPLOYMENT_TARGET = 16.0;
				MARKETING_VERSION = 1.0;
				PRODUCT_BUNDLE_IDENTIFIER = Savva.ToDoListTests;
				PRODUCT_NAME = "$(TARGET_NAME)";
				SWIFT_EMIT_LOC_STRINGS = NO;
				SWIFT_VERSION = 5.0;
				TARGETED_DEVICE_FAMILY = "1,2";
				TEST_HOST = "$(BUILT_PRODUCTS_DIR)/ToDoList.app/$(BUNDLE_EXECUTABLE_FOLDER_PATH)/ToDoList";
			};
			name = Debug;
		};
		CC316C812D562D190034F3C8 /* Release */ = {
			isa = XCBuildConfiguration;
			buildSettings = {
				ALWAYS_EMBED_SWIFT_STANDARD_LIBRARIES = YES;
				BUNDLE_LOADER = "$(TEST_HOST)";
				CODE_SIGN_STYLE = Automatic;
				CURRENT_PROJECT_VERSION = 1;
				GENERATE_INFOPLIST_FILE = YES;
				IPHONEOS_DEPLOYMENT_TARGET = 16.0;
				MARKETING_VERSION = 1.0;
				PRODUCT_BUNDLE_IDENTIFIER = Savva.ToDoListTests;
				PRODUCT_NAME = "$(TARGET_NAME)";
				SWIFT_EMIT_LOC_STRINGS = NO;
				SWIFT_VERSION = 5.0;
				TARGETED_DEVICE_FAMILY = "1,2";
				TEST_HOST = "$(BUILT_PRODUCTS_DIR)/ToDoList.app/$(BUNDLE_EXECUTABLE_FOLDER_PATH)/ToDoList";
			};
			name = Release;
		};
		CC316C832D562D190034F3C8 /* Debug */ = {
			isa = XCBuildConfiguration;
			buildSettings = {
				ALWAYS_EMBED_SWIFT_STANDARD_LIBRARIES = YES;
				CODE_SIGN_STYLE = Automatic;
				CURRENT_PROJECT_VERSION = 1;
				GENERATE_INFOPLIST_FILE = YES;
				MARKETING_VERSION = 1.0;
				PRODUCT_BUNDLE_IDENTIFIER = Savva.ToDoListUITests;
				PRODUCT_NAME = "$(TARGET_NAME)";
				SWIFT_EMIT_LOC_STRINGS = NO;
				SWIFT_VERSION = 5.0;
				TARGETED_DEVICE_FAMILY = "1,2";
				TEST_TARGET_NAME = ToDoList;
			};
			name = Debug;
		};
		CC316C842D562D190034F3C8 /* Release */ = {
			isa = XCBuildConfiguration;
			buildSettings = {
				ALWAYS_EMBED_SWIFT_STANDARD_LIBRARIES = YES;
				CODE_SIGN_STYLE = Automatic;
				CURRENT_PROJECT_VERSION = 1;
				GENERATE_INFOPLIST_FILE = YES;
				MARKETING_VERSION = 1.0;
				PRODUCT_BUNDLE_IDENTIFIER = Savva.ToDoListUITests;
				PRODUCT_NAME = "$(TARGET_NAME)";
				SWIFT_EMIT_LOC_STRINGS = NO;
				SWIFT_VERSION = 5.0;
				TARGETED_DEVICE_FAMILY = "1,2";
				TEST_TARGET_NAME = ToDoList;
			};
			name = Release;
		};
/* End XCBuildConfiguration section */

/* Begin XCConfigurationList section */
		CC316C4D2D562D160034F3C8 /* Build configuration list for PBXProject "ToDoList" */ = {
			isa = XCConfigurationList;
			buildConfigurations = (
				CC316C7A2D562D190034F3C8 /* Debug */,
				CC316C7B2D562D190034F3C8 /* Release */,
			);
			defaultConfigurationIsVisible = 0;
			defaultConfigurationName = Release;
		};
		CC316C7C2D562D190034F3C8 /* Build configuration list for PBXNativeTarget "ToDoList" */ = {
			isa = XCConfigurationList;
			buildConfigurations = (
				CC316C7D2D562D190034F3C8 /* Debug */,
				CC316C7E2D562D190034F3C8 /* Release */,
			);
			defaultConfigurationIsVisible = 0;
			defaultConfigurationName = Release;
		};
		CC316C7F2D562D190034F3C8 /* Build configuration list for PBXNativeTarget "ToDoListTests" */ = {
			isa = XCConfigurationList;
			buildConfigurations = (
				CC316C802D562D190034F3C8 /* Debug */,
				CC316C812D562D190034F3C8 /* Release */,
			);
			defaultConfigurationIsVisible = 0;
			defaultConfigurationName = Release;
		};
		CC316C822D562D190034F3C8 /* Build configuration list for PBXNativeTarget "ToDoListUITests" */ = {
			isa = XCConfigurationList;
			buildConfigurations = (
				CC316C832D562D190034F3C8 /* Debug */,
				CC316C842D562D190034F3C8 /* Release */,
			);
			defaultConfigurationIsVisible = 0;
			defaultConfigurationName = Release;
		};
/* End XCConfigurationList section */

/* Begin XCVersionGroup section */
		CC77971B2D5D23FC00299F54 /* Model.xcdatamodeld */ = {
			isa = XCVersionGroup;
			children = (
				CC77971C2D5D23FC00299F54 /* TaskEntity.xcdatamodel */,
			);
			currentVersion = CC77971C2D5D23FC00299F54 /* TaskEntity.xcdatamodel */;
			path = Model.xcdatamodeld;
			sourceTree = "<group>";
			versionGroupType = wrapper.xcdatamodel;
		};
/* End XCVersionGroup section */
	};
	rootObject = CC316C4A2D562D160034F3C8 /* Project object */;
}
